
Microsoft Visual Studio Solution File, Format Version 12.00
# Visual Studio Version 17
VisualStudioVersion = 17.14.36221.1 d17.14
MinimumVisualStudioVersion = 10.0.40219.1
Project("{FAE04EC0-301F-11D3-BF4B-00C04F79EFBC}") = "TesteDeMesa-2", "TesteDeMesa-2\TesteDeMesa-2.csproj", "{A2C39E34-15A8-4EB1-AE4E-0106F717AF94}"
EndProject
Global
	GlobalSection(SolutionConfigurationPlatforms) = preSolution
		Debug|Any CPU = Debug|Any CPU
		Release|Any CPU = Release|Any CPU
	EndGlobalSection
	GlobalSection(ProjectConfigurationPlatforms) = postSolution
		{A2C39E34-15A8-4EB1-AE4E-0106F717AF94}.Debug|Any CPU.ActiveCfg = Debug|Any CPU
		{A2C39E34-15A8-4EB1-AE4E-0106F717AF94}.Debug|Any CPU.Build.0 = Debug|Any CPU
		{A2C39E34-15A8-4EB1-AE4E-0106F717AF94}.Release|Any CPU.ActiveCfg = Release|Any CPU
		{A2C39E34-15A8-4EB1-AE4E-0106F717AF94}.Release|Any CPU.Build.0 = Release|Any CPU
	EndGlobalSection
	GlobalSection(SolutionProperties) = preSolution
		HideSolutionNode = FALSE
	EndGlobalSection
	GlobalSection(ExtensibilityGlobals) = postSolution
		SolutionGuid = {2EC9F2B1-B7E9-47BC-9762-F9EB90A866C3}
	EndGlobalSection
EndGlobal
